{
  "lockfileVersion": 1,
  "configVersion": 1,
  "workspaces": {
    "": {
      "name": "example",
      "devDependencies": {
        "anvil": "link:anvil",
      },
    },
  },
  "packages": {
    "anvil": ["anvil@link:anvil", { "bin": { "anvil": "src/cli.cjs", "create-anvil": "src/cli.cjs" } }],
  }
}
